
Microsoft Visual Studio Solution File, Format Version 12.00
# Visual Studio Version 17
VisualStudioVersion = 17.5.33516.290
MinimumVisualStudioVersion = 10.0.40219.1
Project("{9A19103F-16F7-4668-BE54-9A1E7A4F7556}") = "ejercicio61", "ejercicio61\ejercicio61.csproj", "{1AFC2851-9944-4974-9CAB-8023C089BF63}"
EndProject
Project("{FAE04EC0-301F-11D3-BF4B-00C04F79EFBC}") = "ejercicio61form", "ejercicio61form\ejercicio61form.csproj", "{9BC9A02A-2984-4FA1-B2E5-981064F82051}"
EndProject
Global
	GlobalSection(SolutionConfigurationPlatforms) = preSolution
		Debug|Any CPU = Debug|Any CPU
		Release|Any CPU = Release|Any CPU
	EndGlobalSection
	GlobalSection(ProjectConfigurationPlatforms) = postSolution
		{1AFC2851-9944-4974-9CAB-8023C089BF63}.Debug|Any CPU.ActiveCfg = Debug|Any CPU
		{1AFC2851-9944-4974-9CAB-8023C089BF63}.Debug|Any CPU.Build.0 = Debug|Any CPU
		{1AFC2851-9944-4974-9CAB-8023C089BF63}.Release|Any CPU.ActiveCfg = Release|Any CPU
		{1AFC2851-9944-4974-9CAB-8023C089BF63}.Release|Any CPU.Build.0 = Release|Any CPU
		{9BC9A02A-2984-4FA1-B2E5-981064F82051}.Debug|Any CPU.ActiveCfg = Debug|Any CPU
		{9BC9A02A-2984-4FA1-B2E5-981064F82051}.Debug|Any CPU.Build.0 = Debug|Any CPU
		{9BC9A02A-2984-4FA1-B2E5-981064F82051}.Release|Any CPU.ActiveCfg = Release|Any CPU
		{9BC9A02A-2984-4FA1-B2E5-981064F82051}.Release|Any CPU.Build.0 = Release|Any CPU
	EndGlobalSection
	GlobalSection(SolutionProperties) = preSolution
		HideSolutionNode = FALSE
	EndGlobalSection
	GlobalSection(ExtensibilityGlobals) = postSolution
		SolutionGuid = {77F6257E-8A97-4EDA-8FE9-6BCD776F5A69}
	EndGlobalSection
EndGlobal
